
Microsoft Visual Studio Solution File, Format Version 12.00
# Visual Studio Version 16
VisualStudioVersion = 16.0.30503.244
MinimumVisualStudioVersion = 10.0.40219.1
Project("{FAE04EC0-301F-11D3-BF4B-00C04F79EFBC}") = "Project2_CSE445", "Project2_CSE445\Project2_CSE445.csproj", "{68410A0E-3618-46FA-9514-40ED75BEA5AD}"
EndProject
Global
	GlobalSection(SolutionConfigurationPlatforms) = preSolution
		Debug|Any CPU = Debug|Any CPU
		Release|Any CPU = Release|Any CPU
	EndGlobalSection
	GlobalSection(ProjectConfigurationPlatforms) = postSolution
		{68410A0E-3618-46FA-9514-40ED75BEA5AD}.Debug|Any CPU.ActiveCfg = Debug|Any CPU
		{68410A0E-3618-46FA-9514-40ED75BEA5AD}.Debug|Any CPU.Build.0 = Debug|Any CPU
		{68410A0E-3618-46FA-9514-40ED75BEA5AD}.Release|Any CPU.ActiveCfg = Release|Any CPU
		{68410A0E-3618-46FA-9514-40ED75BEA5AD}.Release|Any CPU.Build.0 = Release|Any CPU
	EndGlobalSection
	GlobalSection(SolutionProperties) = preSolution
		HideSolutionNode = FALSE
	EndGlobalSection
	GlobalSection(ExtensibilityGlobals) = postSolution
		SolutionGuid = {F05C45D1-6FDF-448C-9EEC-1F05C8289EC2}
	EndGlobalSection
EndGlobal
